
Microsoft Visual Studio Solution File, Format Version 12.00
# Visual Studio 15
VisualStudioVersion = 15.0.28010.2046
MinimumVisualStudioVersion = 10.0.40219.1
Project("{9A19103F-16F7-4668-BE54-9A1E7A4F7556}") = "ZHCG.Api", "ZHCG.Api\ZHCG.Api.csproj", "{ADE111DB-9068-44B6-9F95-41C55F8E4824}"
EndProject
Project("{9A19103F-16F7-4668-BE54-9A1E7A4F7556}") = "QuickstartIdentityServer", "QuickstartIdentityServer\QuickstartIdentityServer.csproj", "{28070EBC-2BAA-4678-8D4B-BCCB68ECE272}"
EndProject
Project("{FAE04EC0-301F-11D3-BF4B-00C04F79EFBC}") = "Client", "Client\Client.csproj", "{5ECF4D51-6EB1-481A-AFE6-0F408B20A7DD}"
EndProject
Global
	GlobalSection(SolutionConfigurationPlatforms) = preSolution
		Debug|Any CPU = Debug|Any CPU
		Release|Any CPU = Release|Any CPU
	EndGlobalSection
	GlobalSection(ProjectConfigurationPlatforms) = postSolution
		{ADE111DB-9068-44B6-9F95-41C55F8E4824}.Debug|Any CPU.ActiveCfg = Debug|Any CPU
		{ADE111DB-9068-44B6-9F95-41C55F8E4824}.Debug|Any CPU.Build.0 = Debug|Any CPU
		{ADE111DB-9068-44B6-9F95-41C55F8E4824}.Release|Any CPU.ActiveCfg = Release|Any CPU
		{ADE111DB-9068-44B6-9F95-41C55F8E4824}.Release|Any CPU.Build.0 = Release|Any CPU
		{28070EBC-2BAA-4678-8D4B-BCCB68ECE272}.Debug|Any CPU.ActiveCfg = Debug|Any CPU
		{28070EBC-2BAA-4678-8D4B-BCCB68ECE272}.Debug|Any CPU.Build.0 = Debug|Any CPU
		{28070EBC-2BAA-4678-8D4B-BCCB68ECE272}.Release|Any CPU.ActiveCfg = Release|Any CPU
		{28070EBC-2BAA-4678-8D4B-BCCB68ECE272}.Release|Any CPU.Build.0 = Release|Any CPU
		{5ECF4D51-6EB1-481A-AFE6-0F408B20A7DD}.Debug|Any CPU.ActiveCfg = Debug|Any CPU
		{5ECF4D51-6EB1-481A-AFE6-0F408B20A7DD}.Debug|Any CPU.Build.0 = Debug|Any CPU
		{5ECF4D51-6EB1-481A-AFE6-0F408B20A7DD}.Release|Any CPU.ActiveCfg = Release|Any CPU
		{5ECF4D51-6EB1-481A-AFE6-0F408B20A7DD}.Release|Any CPU.Build.0 = Release|Any CPU
	EndGlobalSection
	GlobalSection(SolutionProperties) = preSolution
		HideSolutionNode = FALSE
	EndGlobalSection
	GlobalSection(ExtensibilityGlobals) = postSolution
		SolutionGuid = {893D6C17-6C92-4AA2-AB70-DB27A455E855}
	EndGlobalSection
EndGlobal
