
Microsoft Visual Studio Solution File, Format Version 12.00
# Visual Studio 15
VisualStudioVersion = 15.0.28010.2046
MinimumVisualStudioVersion = 10.0.40219.1
Project("{9A19103F-16F7-4668-BE54-9A1E7A4F7556}") = "ZHCG.WebApi", "ZHCG.Api\ZHCG.WebApi.csproj", "{ADE111DB-9068-44B6-9F95-41C55F8E4824}"
EndProject
Project("{9A19103F-16F7-4668-BE54-9A1E7A4F7556}") = "ZHCG.IdentityServer", "QuickstartIdentityServer\ZHCG.IdentityServer.csproj", "{28070EBC-2BAA-4678-8D4B-BCCB68ECE272}"
EndProject
Project("{9A19103F-16F7-4668-BE54-9A1E7A4F7556}") = "Client", "Client\Client.csproj", "{5ECF4D51-6EB1-481A-AFE6-0F408B20A7DD}"
EndProject
Project("{9A19103F-16F7-4668-BE54-9A1E7A4F7556}") = "ZHCG.Applicotion", "ZHCG.Applicotion\ZHCG.Applicotion.csproj", "{FB83DA6D-C7F1-4AC2-B884-C74DEE0BC6F5}"
EndProject
Project("{FAE04EC0-301F-11D3-BF4B-00C04F79EFBC}") = "ZHCG.Data", "ZHCG.Data\ZHCG.Data.csproj", "{09004570-8094-4B53-A0A3-EDD79F2EAE99}"
EndProject
Project("{FAE04EC0-301F-11D3-BF4B-00C04F79EFBC}") = "ZHCG.Core", "ZHCG.Core\ZHCG.Core.csproj", "{EF923450-5CEC-4B7D-B987-69BDDC3D018F}"
EndProject
Project("{FAE04EC0-301F-11D3-BF4B-00C04F79EFBC}") = "ZHCG.Test", "ZHCG.Test\ZHCG.Test.csproj", "{9C293C0A-B30F-488D-ACD3-1092841C18F1}"
EndProject
Global
	GlobalSection(SolutionConfigurationPlatforms) = preSolution
		Debug|Any CPU = Debug|Any CPU
		Release|Any CPU = Release|Any CPU
	EndGlobalSection
	GlobalSection(ProjectConfigurationPlatforms) = postSolution
		{ADE111DB-9068-44B6-9F95-41C55F8E4824}.Debug|Any CPU.ActiveCfg = Debug|Any CPU
		{ADE111DB-9068-44B6-9F95-41C55F8E4824}.Debug|Any CPU.Build.0 = Debug|Any CPU
		{ADE111DB-9068-44B6-9F95-41C55F8E4824}.Release|Any CPU.ActiveCfg = Release|Any CPU
		{ADE111DB-9068-44B6-9F95-41C55F8E4824}.Release|Any CPU.Build.0 = Release|Any CPU
		{28070EBC-2BAA-4678-8D4B-BCCB68ECE272}.Debug|Any CPU.ActiveCfg = Debug|Any CPU
		{28070EBC-2BAA-4678-8D4B-BCCB68ECE272}.Debug|Any CPU.Build.0 = Debug|Any CPU
		{28070EBC-2BAA-4678-8D4B-BCCB68ECE272}.Release|Any CPU.ActiveCfg = Release|Any CPU
		{28070EBC-2BAA-4678-8D4B-BCCB68ECE272}.Release|Any CPU.Build.0 = Release|Any CPU
		{5ECF4D51-6EB1-481A-AFE6-0F408B20A7DD}.Debug|Any CPU.ActiveCfg = Debug|Any CPU
		{5ECF4D51-6EB1-481A-AFE6-0F408B20A7DD}.Debug|Any CPU.Build.0 = Debug|Any CPU
		{5ECF4D51-6EB1-481A-AFE6-0F408B20A7DD}.Release|Any CPU.ActiveCfg = Release|Any CPU
		{5ECF4D51-6EB1-481A-AFE6-0F408B20A7DD}.Release|Any CPU.Build.0 = Release|Any CPU
		{FB83DA6D-C7F1-4AC2-B884-C74DEE0BC6F5}.Debug|Any CPU.ActiveCfg = Debug|Any CPU
		{FB83DA6D-C7F1-4AC2-B884-C74DEE0BC6F5}.Debug|Any CPU.Build.0 = Debug|Any CPU
		{FB83DA6D-C7F1-4AC2-B884-C74DEE0BC6F5}.Release|Any CPU.ActiveCfg = Release|Any CPU
		{FB83DA6D-C7F1-4AC2-B884-C74DEE0BC6F5}.Release|Any CPU.Build.0 = Release|Any CPU
		{09004570-8094-4B53-A0A3-EDD79F2EAE99}.Debug|Any CPU.ActiveCfg = Debug|Any CPU
		{09004570-8094-4B53-A0A3-EDD79F2EAE99}.Debug|Any CPU.Build.0 = Debug|Any CPU
		{09004570-8094-4B53-A0A3-EDD79F2EAE99}.Release|Any CPU.ActiveCfg = Release|Any CPU
		{09004570-8094-4B53-A0A3-EDD79F2EAE99}.Release|Any CPU.Build.0 = Release|Any CPU
		{EF923450-5CEC-4B7D-B987-69BDDC3D018F}.Debug|Any CPU.ActiveCfg = Debug|Any CPU
		{EF923450-5CEC-4B7D-B987-69BDDC3D018F}.Debug|Any CPU.Build.0 = Debug|Any CPU
		{EF923450-5CEC-4B7D-B987-69BDDC3D018F}.Release|Any CPU.ActiveCfg = Release|Any CPU
		{EF923450-5CEC-4B7D-B987-69BDDC3D018F}.Release|Any CPU.Build.0 = Release|Any CPU
		{9C293C0A-B30F-488D-ACD3-1092841C18F1}.Debug|Any CPU.ActiveCfg = Debug|Any CPU
		{9C293C0A-B30F-488D-ACD3-1092841C18F1}.Debug|Any CPU.Build.0 = Debug|Any CPU
		{9C293C0A-B30F-488D-ACD3-1092841C18F1}.Release|Any CPU.ActiveCfg = Release|Any CPU
		{9C293C0A-B30F-488D-ACD3-1092841C18F1}.Release|Any CPU.Build.0 = Release|Any CPU
	EndGlobalSection
	GlobalSection(SolutionProperties) = preSolution
		HideSolutionNode = FALSE
	EndGlobalSection
	GlobalSection(ExtensibilityGlobals) = postSolution
		SolutionGuid = {893D6C17-6C92-4AA2-AB70-DB27A455E855}
	EndGlobalSection
EndGlobal
